
Microsoft Visual Studio Solution File, Format Version 12.00
# Visual Studio Version 17
VisualStudioVersion = 17.8.34316.72
MinimumVisualStudioVersion = 10.0.40219.1
Project("{FAE04EC0-301F-11D3-BF4B-00C04F79EFBC}") = "Pokemon", "Pokemon\Pokemon.csproj", "{7189C0D9-CDEC-41E8-B9DC-97AD48615165}"
EndProject
Global
	GlobalSection(SolutionConfigurationPlatforms) = preSolution
		Debug|Any CPU = Debug|Any CPU
		Release|Any CPU = Release|Any CPU
	EndGlobalSection
	GlobalSection(ProjectConfigurationPlatforms) = postSolution
		{7189C0D9-CDEC-41E8-B9DC-97AD48615165}.Debug|Any CPU.ActiveCfg = Debug|Any CPU
		{7189C0D9-CDEC-41E8-B9DC-97AD48615165}.Debug|Any CPU.Build.0 = Debug|Any CPU
		{7189C0D9-CDEC-41E8-B9DC-97AD48615165}.Release|Any CPU.ActiveCfg = Release|Any CPU
		{7189C0D9-CDEC-41E8-B9DC-97AD48615165}.Release|Any CPU.Build.0 = Release|Any CPU
	EndGlobalSection
	GlobalSection(SolutionProperties) = preSolution
		HideSolutionNode = FALSE
	EndGlobalSection
	GlobalSection(ExtensibilityGlobals) = postSolution
		SolutionGuid = {EDE3DF84-F15E-4336-8820-0DE7955497FF}
	EndGlobalSection
EndGlobal
